
Microsoft Visual Studio Solution File, Format Version 12.00
# Visual Studio Version 17
VisualStudioVersion = 17.0.31903.59
MinimumVisualStudioVersion = 10.0.40219.1
Project("{FAE04EC0-301F-11D3-BF4B-00C04F79EFBC}") = "Messaging.Api", "Messaging.Api\Messaging.Api.csproj", "{387A08EE-64EE-4DAE-8C99-320DB715548F}"
EndProject
Project("{FAE04EC0-301F-11D3-BF4B-00C04F79EFBC}") = "Messaging.MobileApp", "Messaging.MobileApp\Messaging.MobileApp.csproj", "{61A71C27-529F-4181-9812-EAF9350CFE83}"
EndProject
Global
	GlobalSection(SolutionConfigurationPlatforms) = preSolution
		Debug|Any CPU = Debug|Any CPU
		Release|Any CPU = Release|Any CPU
	EndGlobalSection
	GlobalSection(SolutionProperties) = preSolution
		HideSolutionNode = FALSE
	EndGlobalSection
	GlobalSection(ProjectConfigurationPlatforms) = postSolution
		{387A08EE-64EE-4DAE-8C99-320DB715548F}.Debug|Any CPU.ActiveCfg = Debug|Any CPU
		{387A08EE-64EE-4DAE-8C99-320DB715548F}.Debug|Any CPU.Build.0 = Debug|Any CPU
		{387A08EE-64EE-4DAE-8C99-320DB715548F}.Release|Any CPU.ActiveCfg = Release|Any CPU
		{387A08EE-64EE-4DAE-8C99-320DB715548F}.Release|Any CPU.Build.0 = Release|Any CPU
		{61A71C27-529F-4181-9812-EAF9350CFE83}.Debug|Any CPU.ActiveCfg = Debug|Any CPU
		{61A71C27-529F-4181-9812-EAF9350CFE83}.Debug|Any CPU.Build.0 = Debug|Any CPU
		{61A71C27-529F-4181-9812-EAF9350CFE83}.Release|Any CPU.ActiveCfg = Release|Any CPU
		{61A71C27-529F-4181-9812-EAF9350CFE83}.Release|Any CPU.Build.0 = Release|Any CPU
	EndGlobalSection
EndGlobal
